// !$*UTF8*$!
{
	archiveVersion = 1;
	classes = {
	};
	objectVersion = 50;
	objects = {

/* Begin PBXBuildFile section */
		A73BEA1326FD9E7600CC5086 /* MainViewController.swift in Sources */ = {isa = PBXBuildFile; fileRef = A73BEA1226FD9E7600CC5086 /* MainViewController.swift */; };
		A73BEA1526FDA1A300CC5086 /* MainViewBuilder.swift in Sources */ = {isa = PBXBuildFile; fileRef = A73BEA1426FDA1A300CC5086 /* MainViewBuilder.swift */; };
		A73BEA1726FDA2B500CC5086 /* BaseViewController.swift in Sources */ = {isa = PBXBuildFile; fileRef = A73BEA1626FDA2B500CC5086 /* BaseViewController.swift */; };
		A768650426FC57F000367CA6 /* PermissionViewModel.swift in Sources */ = {isa = PBXBuildFile; fileRef = A768650326FC57F000367CA6 /* PermissionViewModel.swift */; };
		A768650626FC7A2900367CA6 /* PermissionViewBuilder.swift in Sources */ = {isa = PBXBuildFile; fileRef = A768650526FC7A2900367CA6 /* PermissionViewBuilder.swift */; };
		A79736CB26FA6EF000E4D94C /* AppDelegate.swift in Sources */ = {isa = PBXBuildFile; fileRef = A79736CA26FA6EF000E4D94C /* AppDelegate.swift */; };
		A79736D426FA6EF000E4D94C /* Assets.xcassets in Resources */ = {isa = PBXBuildFile; fileRef = A79736D326FA6EF000E4D94C /* Assets.xcassets */; };
		A79736D726FA6EF000E4D94C /* LaunchScreen.storyboard in Resources */ = {isa = PBXBuildFile; fileRef = A79736D526FA6EF000E4D94C /* LaunchScreen.storyboard */; };
		A79736E226FA6EF000E4D94C /* iOS_Week_2Tests.swift in Sources */ = {isa = PBXBuildFile; fileRef = A79736E126FA6EF000E4D94C /* iOS_Week_2Tests.swift */; };
		A79736ED26FA6EF100E4D94C /* iOS_Week_2UITests.swift in Sources */ = {isa = PBXBuildFile; fileRef = A79736EC26FA6EF100E4D94C /* iOS_Week_2UITests.swift */; };
		A797370126FA6F8E00E4D94C /* CameraPermissionProtocol.swift in Sources */ = {isa = PBXBuildFile; fileRef = A79736FB26FA6F8E00E4D94C /* CameraPermissionProtocol.swift */; };
		A797370226FA6F8E00E4D94C /* PermissionManagerFactory.swift in Sources */ = {isa = PBXBuildFile; fileRef = A79736FC26FA6F8E00E4D94C /* PermissionManagerFactory.swift */; };
		A797370326FA6F8E00E4D94C /* CameraPermissionManager.swift in Sources */ = {isa = PBXBuildFile; fileRef = A79736FD26FA6F8E00E4D94C /* CameraPermissionManager.swift */; };
		A797370426FA6F8E00E4D94C /* PermissionManagerProtocol.swift in Sources */ = {isa = PBXBuildFile; fileRef = A79736FE26FA6F8E00E4D94C /* PermissionManagerProtocol.swift */; };
		A797370526FA6F8E00E4D94C /* PhotosPermisionProtocol.swift in Sources */ = {isa = PBXBuildFile; fileRef = A79736FF26FA6F8E00E4D94C /* PhotosPermisionProtocol.swift */; };
		A797370626FA6F8E00E4D94C /* PhotosPermissionManager.swift in Sources */ = {isa = PBXBuildFile; fileRef = A797370026FA6F8E00E4D94C /* PhotosPermissionManager.swift */; };
		A797370826FA704200E4D94C /* UIApplication+Extension.swift in Sources */ = {isa = PBXBuildFile; fileRef = A797370726FA704200E4D94C /* UIApplication+Extension.swift */; };
		A797370E26FA70C000E4D94C /* PermissionViewController.swift in Sources */ = {isa = PBXBuildFile; fileRef = A797370D26FA70C000E4D94C /* PermissionViewController.swift */; };
		A797371026FA70E900E4D94C /* PermissionRequestView.swift in Sources */ = {isa = PBXBuildFile; fileRef = A797370F26FA70E900E4D94C /* PermissionRequestView.swift */; };
		A797371426FA718400E4D94C /* BaseView.swift in Sources */ = {isa = PBXBuildFile; fileRef = A797371226FA718400E4D94C /* BaseView.swift */; };
		A797371526FA718400E4D94C /* GenericBaseView.swift in Sources */ = {isa = PBXBuildFile; fileRef = A797371326FA718400E4D94C /* GenericBaseView.swift */; };
		A797371926FA71CB00E4D94C /* PermissionRequestViewData.swift in Sources */ = {isa = PBXBuildFile; fileRef = A797371826FA71CB00E4D94C /* PermissionRequestViewData.swift */; };
		A797371D26FA77BE00E4D94C /* GenericValueProtocol.swift in Sources */ = {isa = PBXBuildFile; fileRef = A797371C26FA77BE00E4D94C /* GenericValueProtocol.swift */; };
		A797371F26FA77F300E4D94C /* PermissionImages.swift in Sources */ = {isa = PBXBuildFile; fileRef = A797371E26FA77F300E4D94C /* PermissionImages.swift */; };
		A797372226FA78BB00E4D94C /* ActionButtonView.swift in Sources */ = {isa = PBXBuildFile; fileRef = A797372126FA78BB00E4D94C /* ActionButtonView.swift */; };
		A797372426FA78C300E4D94C /* ActionButtonViewData.swift in Sources */ = {isa = PBXBuildFile; fileRef = A797372326FA78C300E4D94C /* ActionButtonViewData.swift */; };
		A797372626FA793400E4D94C /* ActionButtonType.swift in Sources */ = {isa = PBXBuildFile; fileRef = A797372526FA793400E4D94C /* ActionButtonType.swift */; };
		A797372826FA794B00E4D94C /* ActionButtonTheme.swift in Sources */ = {isa = PBXBuildFile; fileRef = A797372726FA794B00E4D94C /* ActionButtonTheme.swift */; };
		A797372B26FA7F7200E4D94C /* ActionComponent.swift in Sources */ = {isa = PBXBuildFile; fileRef = A797372A26FA7F7200E4D94C /* ActionComponent.swift */; };
		A797372D26FA7F7900E4D94C /* ActionComponentData.swift in Sources */ = {isa = PBXBuildFile; fileRef = A797372C26FA7F7900E4D94C /* ActionComponentData.swift */; };
		A797373026FA809000E4D94C /* InfoView.swift in Sources */ = {isa = PBXBuildFile; fileRef = A797372F26FA809000E4D94C /* InfoView.swift */; };
		A797373226FA809500E4D94C /* InfoViewData.swift in Sources */ = {isa = PBXBuildFile; fileRef = A797373126FA809500E4D94C /* InfoViewData.swift */; };
		A797373526FA88F600E4D94C /* UIView+Extension.swift in Sources */ = {isa = PBXBuildFile; fileRef = A797373426FA88F600E4D94C /* UIView+Extension.swift */; };
		A797373F26FB882F00E4D94C /* MainViewModel.swift in Sources */ = {isa = PBXBuildFile; fileRef = A797373E26FB882F00E4D94C /* MainViewModel.swift */; };
/* End PBXBuildFile section */

/* Begin PBXContainerItemProxy section */
		A79736DE26FA6EF000E4D94C /* PBXContainerItemProxy */ = {
			isa = PBXContainerItemProxy;
			containerPortal = A79736BF26FA6EF000E4D94C /* Project object */;
			proxyType = 1;
			remoteGlobalIDString = A79736C626FA6EF000E4D94C;
			remoteInfo = iOS_Week_2;
		};
		A79736E926FA6EF100E4D94C /* PBXContainerItemProxy */ = {
			isa = PBXContainerItemProxy;
			containerPortal = A79736BF26FA6EF000E4D94C /* Project object */;
			proxyType = 1;
			remoteGlobalIDString = A79736C626FA6EF000E4D94C;
			remoteInfo = iOS_Week_2;
		};
/* End PBXContainerItemProxy section */

/* Begin PBXFileReference section */
		A73BEA1226FD9E7600CC5086 /* MainViewController.swift */ = {isa = PBXFileReference; lastKnownFileType = sourcecode.swift; path = MainViewController.swift; sourceTree = "<group>"; };
		A73BEA1426FDA1A300CC5086 /* MainViewBuilder.swift */ = {isa = PBXFileReference; lastKnownFileType = sourcecode.swift; path = MainViewBuilder.swift; sourceTree = "<group>"; };
		A73BEA1626FDA2B500CC5086 /* BaseViewController.swift */ = {isa = PBXFileReference; lastKnownFileType = sourcecode.swift; path = BaseViewController.swift; sourceTree = "<group>"; };
		A768650326FC57F000367CA6 /* PermissionViewModel.swift */ = {isa = PBXFileReference; lastKnownFileType = sourcecode.swift; path = PermissionViewModel.swift; sourceTree = "<group>"; };
		A768650526FC7A2900367CA6 /* PermissionViewBuilder.swift */ = {isa = PBXFileReference; lastKnownFileType = sourcecode.swift; path = PermissionViewBuilder.swift; sourceTree = "<group>"; };
		A79736C726FA6EF000E4D94C /* iOS_Week_2.app */ = {isa = PBXFileReference; explicitFileType = wrapper.application; includeInIndex = 0; path = iOS_Week_2.app; sourceTree = BUILT_PRODUCTS_DIR; };
		A79736CA26FA6EF000E4D94C /* AppDelegate.swift */ = {isa = PBXFileReference; lastKnownFileType = sourcecode.swift; path = AppDelegate.swift; sourceTree = "<group>"; };
		A79736D326FA6EF000E4D94C /* Assets.xcassets */ = {isa = PBXFileReference; lastKnownFileType = folder.assetcatalog; path = Assets.xcassets; sourceTree = "<group>"; };
		A79736D626FA6EF000E4D94C /* Base */ = {isa = PBXFileReference; lastKnownFileType = file.storyboard; name = Base; path = Base.lproj/LaunchScreen.storyboard; sourceTree = "<group>"; };
		A79736D826FA6EF000E4D94C /* Info.plist */ = {isa = PBXFileReference; lastKnownFileType = text.plist.xml; path = Info.plist; sourceTree = "<group>"; };
		A79736DD26FA6EF000E4D94C /* iOS_Week_2Tests.xctest */ = {isa = PBXFileReference; explicitFileType = wrapper.cfbundle; includeInIndex = 0; path = iOS_Week_2Tests.xctest; sourceTree = BUILT_PRODUCTS_DIR; };
		A79736E126FA6EF000E4D94C /* iOS_Week_2Tests.swift */ = {isa = PBXFileReference; lastKnownFileType = sourcecode.swift; path = iOS_Week_2Tests.swift; sourceTree = "<group>"; };
		A79736E326FA6EF000E4D94C /* Info.plist */ = {isa = PBXFileReference; lastKnownFileType = text.plist.xml; path = Info.plist; sourceTree = "<group>"; };
		A79736E826FA6EF100E4D94C /* iOS_Week_2UITests.xctest */ = {isa = PBXFileReference; explicitFileType = wrapper.cfbundle; includeInIndex = 0; path = iOS_Week_2UITests.xctest; sourceTree = BUILT_PRODUCTS_DIR; };
		A79736EC26FA6EF100E4D94C /* iOS_Week_2UITests.swift */ = {isa = PBXFileReference; lastKnownFileType = sourcecode.swift; path = iOS_Week_2UITests.swift; sourceTree = "<group>"; };
		A79736EE26FA6EF100E4D94C /* Info.plist */ = {isa = PBXFileReference; lastKnownFileType = text.plist.xml; path = Info.plist; sourceTree = "<group>"; };
		A79736FB26FA6F8E00E4D94C /* CameraPermissionProtocol.swift */ = {isa = PBXFileReference; fileEncoding = 4; lastKnownFileType = sourcecode.swift; path = CameraPermissionProtocol.swift; sourceTree = "<group>"; };
		A79736FC26FA6F8E00E4D94C /* PermissionManagerFactory.swift */ = {isa = PBXFileReference; fileEncoding = 4; lastKnownFileType = sourcecode.swift; path = PermissionManagerFactory.swift; sourceTree = "<group>"; };
		A79736FD26FA6F8E00E4D94C /* CameraPermissionManager.swift */ = {isa = PBXFileReference; fileEncoding = 4; lastKnownFileType = sourcecode.swift; path = CameraPermissionManager.swift; sourceTree = "<group>"; };
		A79736FE26FA6F8E00E4D94C /* PermissionManagerProtocol.swift */ = {isa = PBXFileReference; fileEncoding = 4; lastKnownFileType = sourcecode.swift; path = PermissionManagerProtocol.swift; sourceTree = "<group>"; };
		A79736FF26FA6F8E00E4D94C /* PhotosPermisionProtocol.swift */ = {isa = PBXFileReference; fileEncoding = 4; lastKnownFileType = sourcecode.swift; path = PhotosPermisionProtocol.swift; sourceTree = "<group>"; };
		A797370026FA6F8E00E4D94C /* PhotosPermissionManager.swift */ = {isa = PBXFileReference; fileEncoding = 4; lastKnownFileType = sourcecode.swift; path = PhotosPermissionManager.swift; sourceTree = "<group>"; };
		A797370726FA704200E4D94C /* UIApplication+Extension.swift */ = {isa = PBXFileReference; fileEncoding = 4; lastKnownFileType = sourcecode.swift; path = "UIApplication+Extension.swift"; sourceTree = "<group>"; };
		A797370D26FA70C000E4D94C /* PermissionViewController.swift */ = {isa = PBXFileReference; lastKnownFileType = sourcecode.swift; path = PermissionViewController.swift; sourceTree = "<group>"; };
		A797370F26FA70E900E4D94C /* PermissionRequestView.swift */ = {isa = PBXFileReference; lastKnownFileType = sourcecode.swift; path = PermissionRequestView.swift; sourceTree = "<group>"; };
		A797371226FA718400E4D94C /* BaseView.swift */ = {isa = PBXFileReference; fileEncoding = 4; lastKnownFileType = sourcecode.swift; path = BaseView.swift; sourceTree = "<group>"; };
		A797371326FA718400E4D94C /* GenericBaseView.swift */ = {isa = PBXFileReference; fileEncoding = 4; lastKnownFileType = sourcecode.swift; path = GenericBaseView.swift; sourceTree = "<group>"; };
		A797371826FA71CB00E4D94C /* PermissionRequestViewData.swift */ = {isa = PBXFileReference; lastKnownFileType = sourcecode.swift; path = PermissionRequestViewData.swift; sourceTree = "<group>"; };
		A797371C26FA77BE00E4D94C /* GenericValueProtocol.swift */ = {isa = PBXFileReference; lastKnownFileType = sourcecode.swift; path = GenericValueProtocol.swift; sourceTree = "<group>"; };
		A797371E26FA77F300E4D94C /* PermissionImages.swift */ = {isa = PBXFileReference; lastKnownFileType = sourcecode.swift; path = PermissionImages.swift; sourceTree = "<group>"; };
		A797372126FA78BB00E4D94C /* ActionButtonView.swift */ = {isa = PBXFileReference; lastKnownFileType = sourcecode.swift; path = ActionButtonView.swift; sourceTree = "<group>"; };
		A797372326FA78C300E4D94C /* ActionButtonViewData.swift */ = {isa = PBXFileReference; lastKnownFileType = sourcecode.swift; path = ActionButtonViewData.swift; sourceTree = "<group>"; };
		A797372526FA793400E4D94C /* ActionButtonType.swift */ = {isa = PBXFileReference; lastKnownFileType = sourcecode.swift; path = ActionButtonType.swift; sourceTree = "<group>"; };
		A797372726FA794B00E4D94C /* ActionButtonTheme.swift */ = {isa = PBXFileReference; lastKnownFileType = sourcecode.swift; path = ActionButtonTheme.swift; sourceTree = "<group>"; };
		A797372A26FA7F7200E4D94C /* ActionComponent.swift */ = {isa = PBXFileReference; lastKnownFileType = sourcecode.swift; path = ActionComponent.swift; sourceTree = "<group>"; };
		A797372C26FA7F7900E4D94C /* ActionComponentData.swift */ = {isa = PBXFileReference; lastKnownFileType = sourcecode.swift; path = ActionComponentData.swift; sourceTree = "<group>"; };
		A797372F26FA809000E4D94C /* InfoView.swift */ = {isa = PBXFileReference; lastKnownFileType = sourcecode.swift; path = InfoView.swift; sourceTree = "<group>"; };
		A797373126FA809500E4D94C /* InfoViewData.swift */ = {isa = PBXFileReference; lastKnownFileType = sourcecode.swift; path = InfoViewData.swift; sourceTree = "<group>"; };
		A797373426FA88F600E4D94C /* UIView+Extension.swift */ = {isa = PBXFileReference; fileEncoding = 4; lastKnownFileType = sourcecode.swift; path = "UIView+Extension.swift"; sourceTree = "<group>"; };
		A797373E26FB882F00E4D94C /* MainViewModel.swift */ = {isa = PBXFileReference; lastKnownFileType = sourcecode.swift; path = MainViewModel.swift; sourceTree = "<group>"; };
/* End PBXFileReference section */

/* Begin PBXFrameworksBuildPhase section */
		A79736C426FA6EF000E4D94C /* Frameworks */ = {
			isa = PBXFrameworksBuildPhase;
			buildActionMask = 2147483647;
			files = (
			);
			runOnlyForDeploymentPostprocessing = 0;
		};
		A79736DA26FA6EF000E4D94C /* Frameworks */ = {
			isa = PBXFrameworksBuildPhase;
			buildActionMask = 2147483647;
			files = (
			);
			runOnlyForDeploymentPostprocessing = 0;
		};
		A79736E526FA6EF100E4D94C /* Frameworks */ = {
			isa = PBXFrameworksBuildPhase;
			buildActionMask = 2147483647;
			files = (
			);
			runOnlyForDeploymentPostprocessing = 0;
		};
/* End PBXFrameworksBuildPhase section */

/* Begin PBXGroup section */
		A768650226FC57DA00367CA6 /* Main */ = {
			isa = PBXGroup;
			children = (
				A797373E26FB882F00E4D94C /* MainViewModel.swift */,
				A73BEA1226FD9E7600CC5086 /* MainViewController.swift */,
				A73BEA1426FDA1A300CC5086 /* MainViewBuilder.swift */,
			);
			path = Main;
			sourceTree = "<group>";
		};
		A79736BE26FA6EF000E4D94C = {
			isa = PBXGroup;
			children = (
				A79736C926FA6EF000E4D94C /* iOS_Week_2 */,
				A79736E026FA6EF000E4D94C /* iOS_Week_2Tests */,
				A79736EB26FA6EF100E4D94C /* iOS_Week_2UITests */,
				A79736C826FA6EF000E4D94C /* Products */,
			);
			sourceTree = "<group>";
		};
		A79736C826FA6EF000E4D94C /* Products */ = {
			isa = PBXGroup;
			children = (
				A79736C726FA6EF000E4D94C /* iOS_Week_2.app */,
				A79736DD26FA6EF000E4D94C /* iOS_Week_2Tests.xctest */,
				A79736E826FA6EF100E4D94C /* iOS_Week_2UITests.xctest */,
			);
			name = Products;
			sourceTree = "<group>";
		};
		A79736C926FA6EF000E4D94C /* iOS_Week_2 */ = {
			isa = PBXGroup;
			children = (
				A797373D26FB882500E4D94C /* Views */,
				A797371126FA70FD00E4D94C /* BaseComponents */,
				A797370B26FA70AE00E4D94C /* Components */,
				A797370926FA704300E4D94C /* Utilities */,
				A79736FA26FA6F8100E4D94C /* Managers */,
				A79736CA26FA6EF000E4D94C /* AppDelegate.swift */,
				A79736D326FA6EF000E4D94C /* Assets.xcassets */,
				A79736D526FA6EF000E4D94C /* LaunchScreen.storyboard */,
				A79736D826FA6EF000E4D94C /* Info.plist */,
			);
			path = iOS_Week_2;
			sourceTree = "<group>";
		};
		A79736E026FA6EF000E4D94C /* iOS_Week_2Tests */ = {
			isa = PBXGroup;
			children = (
				A79736E126FA6EF000E4D94C /* iOS_Week_2Tests.swift */,
				A79736E326FA6EF000E4D94C /* Info.plist */,
			);
			path = iOS_Week_2Tests;
			sourceTree = "<group>";
		};
		A79736EB26FA6EF100E4D94C /* iOS_Week_2UITests */ = {
			isa = PBXGroup;
			children = (
				A79736EC26FA6EF100E4D94C /* iOS_Week_2UITests.swift */,
				A79736EE26FA6EF100E4D94C /* Info.plist */,
			);
			path = iOS_Week_2UITests;
			sourceTree = "<group>";
		};
		A79736FA26FA6F8100E4D94C /* Managers */ = {
			isa = PBXGroup;
			children = (
				A797373B26FB875400E4D94C /* Protocols */,
				A797373A26FB874400E4D94C /* Builders */,
				A797373926FB871800E4D94C /* Photos */,
				A797373826FB871100E4D94C /* Camera */,
			);
			path = Managers;
			sourceTree = "<group>";
		};
		A797370926FA704300E4D94C /* Utilities */ = {
			isa = PBXGroup;
			children = (
				A797371B26FA77B100E4D94C /* GenericProtocols */,
				A797371A26FA779C00E4D94C /* PermissionImages */,
				A797370A26FA704900E4D94C /* Extensions */,
			);
			path = Utilities;
			sourceTree = "<group>";
		};
		A797370A26FA704900E4D94C /* Extensions */ = {
			isa = PBXGroup;
			children = (
				A797373426FA88F600E4D94C /* UIView+Extension.swift */,
				A797370726FA704200E4D94C /* UIApplication+Extension.swift */,
			);
			path = Extensions;
			sourceTree = "<group>";
		};
		A797370B26FA70AE00E4D94C /* Components */ = {
			isa = PBXGroup;
			children = (
				A797372E26FA808000E4D94C /* InfoViewComponent */,
				A797372926FA7F5400E4D94C /* ActionComponent */,
				A797372026FA78AE00E4D94C /* ActionButton */,
				A797371726FA71A100E4D94C /* PermissionRequestView */,
				A797370C26FA70B200E4D94C /* PermissionView */,
			);
			path = Components;
			sourceTree = "<group>";
		};
		A797370C26FA70B200E4D94C /* PermissionView */ = {
			isa = PBXGroup;
			children = (
			);
			path = PermissionView;
			sourceTree = "<group>";
		};
		A797371126FA70FD00E4D94C /* BaseComponents */ = {
			isa = PBXGroup;
			children = (
				A797371226FA718400E4D94C /* BaseView.swift */,
				A797371326FA718400E4D94C /* GenericBaseView.swift */,
				A73BEA1626FDA2B500CC5086 /* BaseViewController.swift */,
			);
			path = BaseComponents;
			sourceTree = "<group>";
		};
		A797371626FA719B00E4D94C /* Permission */ = {
			isa = PBXGroup;
			children = (
				A797370D26FA70C000E4D94C /* PermissionViewController.swift */,
				A768650326FC57F000367CA6 /* PermissionViewModel.swift */,
				A768650526FC7A2900367CA6 /* PermissionViewBuilder.swift */,
			);
			path = Permission;
			sourceTree = "<group>";
		};
		A797371726FA71A100E4D94C /* PermissionRequestView */ = {
			isa = PBXGroup;
			children = (
				A797370F26FA70E900E4D94C /* PermissionRequestView.swift */,
				A797371826FA71CB00E4D94C /* PermissionRequestViewData.swift */,
			);
			path = PermissionRequestView;
			sourceTree = "<group>";
		};
		A797371A26FA779C00E4D94C /* PermissionImages */ = {
			isa = PBXGroup;
			children = (
				A797371E26FA77F300E4D94C /* PermissionImages.swift */,
			);
			path = PermissionImages;
			sourceTree = "<group>";
		};
		A797371B26FA77B100E4D94C /* GenericProtocols */ = {
			isa = PBXGroup;
			children = (
				A797371C26FA77BE00E4D94C /* GenericValueProtocol.swift */,
			);
			path = GenericProtocols;
			sourceTree = "<group>";
		};
		A797372026FA78AE00E4D94C /* ActionButton */ = {
			isa = PBXGroup;
			children = (
				A797372126FA78BB00E4D94C /* ActionButtonView.swift */,
				A797372326FA78C300E4D94C /* ActionButtonViewData.swift */,
				A797372526FA793400E4D94C /* ActionButtonType.swift */,
				A797372726FA794B00E4D94C /* ActionButtonTheme.swift */,
			);
			path = ActionButton;
			sourceTree = "<group>";
		};
		A797372926FA7F5400E4D94C /* ActionComponent */ = {
			isa = PBXGroup;
			children = (
				A797372A26FA7F7200E4D94C /* ActionComponent.swift */,
				A797372C26FA7F7900E4D94C /* ActionComponentData.swift */,
			);
			path = ActionComponent;
			sourceTree = "<group>";
		};
		A797372E26FA808000E4D94C /* InfoViewComponent */ = {
			isa = PBXGroup;
			children = (
				A797372F26FA809000E4D94C /* InfoView.swift */,
				A797373126FA809500E4D94C /* InfoViewData.swift */,
			);
			path = InfoViewComponent;
			sourceTree = "<group>";
		};
		A797373826FB871100E4D94C /* Camera */ = {
			isa = PBXGroup;
			children = (
				A79736FD26FA6F8E00E4D94C /* CameraPermissionManager.swift */,
				A79736FB26FA6F8E00E4D94C /* CameraPermissionProtocol.swift */,
			);
			path = Camera;
			sourceTree = "<group>";
		};
		A797373926FB871800E4D94C /* Photos */ = {
			isa = PBXGroup;
			children = (
				A79736FF26FA6F8E00E4D94C /* PhotosPermisionProtocol.swift */,
				A797370026FA6F8E00E4D94C /* PhotosPermissionManager.swift */,
			);
			path = Photos;
			sourceTree = "<group>";
		};
		A797373A26FB874400E4D94C /* Builders */ = {
			isa = PBXGroup;
			children = (
				A79736FC26FA6F8E00E4D94C /* PermissionManagerFactory.swift */,
			);
			path = Builders;
			sourceTree = "<group>";
		};
		A797373B26FB875400E4D94C /* Protocols */ = {
			isa = PBXGroup;
			children = (
				A79736FE26FA6F8E00E4D94C /* PermissionManagerProtocol.swift */,
			);
			path = Protocols;
			sourceTree = "<group>";
		};
		A797373D26FB882500E4D94C /* Views */ = {
			isa = PBXGroup;
			children = (
				A768650226FC57DA00367CA6 /* Main */,
				A797371626FA719B00E4D94C /* Permission */,
			);
			path = Views;
			sourceTree = "<group>";
		};
/* End PBXGroup section */

/* Begin PBXNativeTarget section */
		A79736C626FA6EF000E4D94C /* iOS_Week_2 */ = {
			isa = PBXNativeTarget;
			buildConfigurationList = A79736F126FA6EF100E4D94C /* Build configuration list for PBXNativeTarget "iOS_Week_2" */;
			buildPhases = (
				A79736C326FA6EF000E4D94C /* Sources */,
				A79736C426FA6EF000E4D94C /* Frameworks */,
				A79736C526FA6EF000E4D94C /* Resources */,
			);
			buildRules = (
			);
			dependencies = (
			);
			name = iOS_Week_2;
			productName = iOS_Week_2;
			productReference = A79736C726FA6EF000E4D94C /* iOS_Week_2.app */;
			productType = "com.apple.product-type.application";
		};
		A79736DC26FA6EF000E4D94C /* iOS_Week_2Tests */ = {
			isa = PBXNativeTarget;
			buildConfigurationList = A79736F426FA6EF100E4D94C /* Build configuration list for PBXNativeTarget "iOS_Week_2Tests" */;
			buildPhases = (
				A79736D926FA6EF000E4D94C /* Sources */,
				A79736DA26FA6EF000E4D94C /* Frameworks */,
				A79736DB26FA6EF000E4D94C /* Resources */,
			);
			buildRules = (
			);
			dependencies = (
				A79736DF26FA6EF000E4D94C /* PBXTargetDependency */,
			);
			name = iOS_Week_2Tests;
			productName = iOS_Week_2Tests;
			productReference = A79736DD26FA6EF000E4D94C /* iOS_Week_2Tests.xctest */;
			productType = "com.apple.product-type.bundle.unit-test";
		};
		A79736E726FA6EF100E4D94C /* iOS_Week_2UITests */ = {
			isa = PBXNativeTarget;
			buildConfigurationList = A79736F726FA6EF100E4D94C /* Build configuration list for PBXNativeTarget "iOS_Week_2UITests" */;
			buildPhases = (
				A79736E426FA6EF100E4D94C /* Sources */,
				A79736E526FA6EF100E4D94C /* Frameworks */,
				A79736E626FA6EF100E4D94C /* Resources */,
			);
			buildRules = (
			);
			dependencies = (
				A79736EA26FA6EF100E4D94C /* PBXTargetDependency */,
			);
			name = iOS_Week_2UITests;
			productName = iOS_Week_2UITests;
			productReference = A79736E826FA6EF100E4D94C /* iOS_Week_2UITests.xctest */;
			productType = "com.apple.product-type.bundle.ui-testing";
		};
/* End PBXNativeTarget section */

/* Begin PBXProject section */
		A79736BF26FA6EF000E4D94C /* Project object */ = {
			isa = PBXProject;
			attributes = {
				LastSwiftUpdateCheck = 1250;
				LastUpgradeCheck = 1250;
				TargetAttributes = {
					A79736C626FA6EF000E4D94C = {
						CreatedOnToolsVersion = 12.5.1;
					};
					A79736DC26FA6EF000E4D94C = {
						CreatedOnToolsVersion = 12.5.1;
						TestTargetID = A79736C626FA6EF000E4D94C;
					};
					A79736E726FA6EF100E4D94C = {
						CreatedOnToolsVersion = 12.5.1;
						TestTargetID = A79736C626FA6EF000E4D94C;
					};
				};
			};
			buildConfigurationList = A79736C226FA6EF000E4D94C /* Build configuration list for PBXProject "iOS_Week_2" */;
			compatibilityVersion = "Xcode 9.3";
			developmentRegion = en;
			hasScannedForEncodings = 0;
			knownRegions = (
				en,
				Base,
			);
			mainGroup = A79736BE26FA6EF000E4D94C;
			productRefGroup = A79736C826FA6EF000E4D94C /* Products */;
			projectDirPath = "";
			projectRoot = "";
			targets = (
				A79736C626FA6EF000E4D94C /* iOS_Week_2 */,
				A79736DC26FA6EF000E4D94C /* iOS_Week_2Tests */,
				A79736E726FA6EF100E4D94C /* iOS_Week_2UITests */,
			);
		};
/* End PBXProject section */

/* Begin PBXResourcesBuildPhase section */
		A79736C526FA6EF000E4D94C /* Resources */ = {
			isa = PBXResourcesBuildPhase;
			buildActionMask = 2147483647;
			files = (
				A79736D726FA6EF000E4D94C /* LaunchScreen.storyboard in Resources */,
				A79736D426FA6EF000E4D94C /* Assets.xcassets in Resources */,
			);
			runOnlyForDeploymentPostprocessing = 0;
		};
		A79736DB26FA6EF000E4D94C /* Resources */ = {
			isa = PBXResourcesBuildPhase;
			buildActionMask = 2147483647;
			files = (
			);
			runOnlyForDeploymentPostprocessing = 0;
		};
		A79736E626FA6EF100E4D94C /* Resources */ = {
			isa = PBXResourcesBuildPhase;
			buildActionMask = 2147483647;
			files = (
			);
			runOnlyForDeploymentPostprocessing = 0;
		};
/* End PBXResourcesBuildPhase section */

/* Begin PBXSourcesBuildPhase section */
		A79736C326FA6EF000E4D94C /* Sources */ = {
			isa = PBXSourcesBuildPhase;
			buildActionMask = 2147483647;
			files = (
				A797370426FA6F8E00E4D94C /* PermissionManagerProtocol.swift in Sources */,
				A797371D26FA77BE00E4D94C /* GenericValueProtocol.swift in Sources */,
				A768650626FC7A2900367CA6 /* PermissionViewBuilder.swift in Sources */,
				A797371F26FA77F300E4D94C /* PermissionImages.swift in Sources */,
				A768650426FC57F000367CA6 /* PermissionViewModel.swift in Sources */,
				A73BEA1726FDA2B500CC5086 /* BaseViewController.swift in Sources */,
				A797371426FA718400E4D94C /* BaseView.swift in Sources */,
				A797371926FA71CB00E4D94C /* PermissionRequestViewData.swift in Sources */,
				A797372226FA78BB00E4D94C /* ActionButtonView.swift in Sources */,
				A797372826FA794B00E4D94C /* ActionButtonTheme.swift in Sources */,
				A797370126FA6F8E00E4D94C /* CameraPermissionProtocol.swift in Sources */,
				A797371026FA70E900E4D94C /* PermissionRequestView.swift in Sources */,
				A797372426FA78C300E4D94C /* ActionButtonViewData.swift in Sources */,
				A73BEA1326FD9E7600CC5086 /* MainViewController.swift in Sources */,
				A79736CB26FA6EF000E4D94C /* AppDelegate.swift in Sources */,
				A797370326FA6F8E00E4D94C /* CameraPermissionManager.swift in Sources */,
				A797371526FA718400E4D94C /* GenericBaseView.swift in Sources */,
				A797373526FA88F600E4D94C /* UIView+Extension.swift in Sources */,
				A797372626FA793400E4D94C /* ActionButtonType.swift in Sources */,
				A797372D26FA7F7900E4D94C /* ActionComponentData.swift in Sources */,
				A797373F26FB882F00E4D94C /* MainViewModel.swift in Sources */,
				A797373026FA809000E4D94C /* InfoView.swift in Sources */,
				A73BEA1526FDA1A300CC5086 /* MainViewBuilder.swift in Sources */,
				A797372B26FA7F7200E4D94C /* ActionComponent.swift in Sources */,
				A797370626FA6F8E00E4D94C /* PhotosPermissionManager.swift in Sources */,
				A797370E26FA70C000E4D94C /* PermissionViewController.swift in Sources */,
				A797370526FA6F8E00E4D94C /* PhotosPermisionProtocol.swift in Sources */,
				A797373226FA809500E4D94C /* InfoViewData.swift in Sources */,
				A797370826FA704200E4D94C /* UIApplication+Extension.swift in Sources */,
				A797370226FA6F8E00E4D94C /* PermissionManagerFactory.swift in Sources */,
			);
			runOnlyForDeploymentPostprocessing = 0;
		};
		A79736D926FA6EF000E4D94C /* Sources */ = {
			isa = PBXSourcesBuildPhase;
			buildActionMask = 2147483647;
			files = (
				A79736E226FA6EF000E4D94C /* iOS_Week_2Tests.swift in Sources */,
			);
			runOnlyForDeploymentPostprocessing = 0;
		};
		A79736E426FA6EF100E4D94C /* Sources */ = {
			isa = PBXSourcesBuildPhase;
			buildActionMask = 2147483647;
			files = (
				A79736ED26FA6EF100E4D94C /* iOS_Week_2UITests.swift in Sources */,
			);
			runOnlyForDeploymentPostprocessing = 0;
		};
/* End PBXSourcesBuildPhase section */

/* Begin PBXTargetDependency section */
		A79736DF26FA6EF000E4D94C /* PBXTargetDependency */ = {
			isa = PBXTargetDependency;
			target = A79736C626FA6EF000E4D94C /* iOS_Week_2 */;
			targetProxy = A79736DE26FA6EF000E4D94C /* PBXContainerItemProxy */;
		};
		A79736EA26FA6EF100E4D94C /* PBXTargetDependency */ = {
			isa = PBXTargetDependency;
			target = A79736C626FA6EF000E4D94C /* iOS_Week_2 */;
			targetProxy = A79736E926FA6EF100E4D94C /* PBXContainerItemProxy */;
		};
/* End PBXTargetDependency section */

/* Begin PBXVariantGroup section */
		A79736D526FA6EF000E4D94C /* LaunchScreen.storyboard */ = {
			isa = PBXVariantGroup;
			children = (
				A79736D626FA6EF000E4D94C /* Base */,
			);
			name = LaunchScreen.storyboard;
			sourceTree = "<group>";
		};
/* End PBXVariantGroup section */

/* Begin XCBuildConfiguration section */
		A79736EF26FA6EF100E4D94C /* Debug */ = {
			isa = XCBuildConfiguration;
			buildSettings = {
				ALWAYS_SEARCH_USER_PATHS = NO;
				CLANG_ANALYZER_NONNULL = YES;
				CLANG_ANALYZER_NUMBER_OBJECT_CONVERSION = YES_AGGRESSIVE;
				CLANG_CXX_LANGUAGE_STANDARD = "gnu++14";
				CLANG_CXX_LIBRARY = "libc++";
				CLANG_ENABLE_MODULES = YES;
				CLANG_ENABLE_OBJC_ARC = YES;
				CLANG_ENABLE_OBJC_WEAK = YES;
				CLANG_WARN_BLOCK_CAPTURE_AUTORELEASING = YES;
				CLANG_WARN_BOOL_CONVERSION = YES;
				CLANG_WARN_COMMA = YES;
				CLANG_WARN_CONSTANT_CONVERSION = YES;
				CLANG_WARN_DEPRECATED_OBJC_IMPLEMENTATIONS = YES;
				CLANG_WARN_DIRECT_OBJC_ISA_USAGE = YES_ERROR;
				CLANG_WARN_DOCUMENTATION_COMMENTS = YES;
				CLANG_WARN_EMPTY_BODY = YES;
				CLANG_WARN_ENUM_CONVERSION = YES;
				CLANG_WARN_INFINITE_RECURSION = YES;
				CLANG_WARN_INT_CONVERSION = YES;
				CLANG_WARN_NON_LITERAL_NULL_CONVERSION = YES;
				CLANG_WARN_OBJC_IMPLICIT_RETAIN_SELF = YES;
				CLANG_WARN_OBJC_LITERAL_CONVERSION = YES;
				CLANG_WARN_OBJC_ROOT_CLASS = YES_ERROR;
				CLANG_WARN_QUOTED_INCLUDE_IN_FRAMEWORK_HEADER = YES;
				CLANG_WARN_RANGE_LOOP_ANALYSIS = YES;
				CLANG_WARN_STRICT_PROTOTYPES = YES;
				CLANG_WARN_SUSPICIOUS_MOVE = YES;
				CLANG_WARN_UNGUARDED_AVAILABILITY = YES_AGGRESSIVE;
				CLANG_WARN_UNREACHABLE_CODE = YES;
				CLANG_WARN__DUPLICATE_METHOD_MATCH = YES;
				COPY_PHASE_STRIP = NO;
				DEBUG_INFORMATION_FORMAT = dwarf;
				ENABLE_STRICT_OBJC_MSGSEND = YES;
				ENABLE_TESTABILITY = YES;
				GCC_C_LANGUAGE_STANDARD = gnu11;
				GCC_DYNAMIC_NO_PIC = NO;
				GCC_NO_COMMON_BLOCKS = YES;
				GCC_OPTIMIZATION_LEVEL = 0;
				GCC_PREPROCESSOR_DEFINITIONS = (
					"DEBUG=1",
					"$(inherited)",
				);
				GCC_WARN_64_TO_32_BIT_CONVERSION = YES;
				GCC_WARN_ABOUT_RETURN_TYPE = YES_ERROR;
				GCC_WARN_UNDECLARED_SELECTOR = YES;
				GCC_WARN_UNINITIALIZED_AUTOS = YES_AGGRESSIVE;
				GCC_WARN_UNUSED_FUNCTION = YES;
				GCC_WARN_UNUSED_VARIABLE = YES;
				IPHONEOS_DEPLOYMENT_TARGET = 14.5;
				MTL_ENABLE_DEBUG_INFO = INCLUDE_SOURCE;
				MTL_FAST_MATH = YES;
				ONLY_ACTIVE_ARCH = YES;
				SDKROOT = iphoneos;
				SWIFT_ACTIVE_COMPILATION_CONDITIONS = DEBUG;
				SWIFT_OPTIMIZATION_LEVEL = "-Onone";
			};
			name = Debug;
		};
		A79736F026FA6EF100E4D94C /* Release */ = {
			isa = XCBuildConfiguration;
			buildSettings = {
				ALWAYS_SEARCH_USER_PATHS = NO;
				CLANG_ANALYZER_NONNULL = YES;
				CLANG_ANALYZER_NUMBER_OBJECT_CONVERSION = YES_AGGRESSIVE;
				CLANG_CXX_LANGUAGE_STANDARD = "gnu++14";
				CLANG_CXX_LIBRARY = "libc++";
				CLANG_ENABLE_MODULES = YES;
				CLANG_ENABLE_OBJC_ARC = YES;
				CLANG_ENABLE_OBJC_WEAK = YES;
				CLANG_WARN_BLOCK_CAPTURE_AUTORELEASING = YES;
				CLANG_WARN_BOOL_CONVERSION = YES;
				CLANG_WARN_COMMA = YES;
				CLANG_WARN_CONSTANT_CONVERSION = YES;
				CLANG_WARN_DEPRECATED_OBJC_IMPLEMENTATIONS = YES;
				CLANG_WARN_DIRECT_OBJC_ISA_USAGE = YES_ERROR;
				CLANG_WARN_DOCUMENTATION_COMMENTS = YES;
				CLANG_WARN_EMPTY_BODY = YES;
				CLANG_WARN_ENUM_CONVERSION = YES;
				CLANG_WARN_INFINITE_RECURSION = YES;
				CLANG_WARN_INT_CONVERSION = YES;
				CLANG_WARN_NON_LITERAL_NULL_CONVERSION = YES;
				CLANG_WARN_OBJC_IMPLICIT_RETAIN_SELF = YES;
				CLANG_WARN_OBJC_LITERAL_CONVERSION = YES;
				CLANG_WARN_OBJC_ROOT_CLASS = YES_ERROR;
				CLANG_WARN_QUOTED_INCLUDE_IN_FRAMEWORK_HEADER = YES;
				CLANG_WARN_RANGE_LOOP_ANALYSIS = YES;
				CLANG_WARN_STRICT_PROTOTYPES = YES;
				CLANG_WARN_SUSPICIOUS_MOVE = YES;
				CLANG_WARN_UNGUARDED_AVAILABILITY = YES_AGGRESSIVE;
				CLANG_WARN_UNREACHABLE_CODE = YES;
				CLANG_WARN__DUPLICATE_METHOD_MATCH = YES;
				COPY_PHASE_STRIP = NO;
				DEBUG_INFORMATION_FORMAT = "dwarf-with-dsym";
				ENABLE_NS_ASSERTIONS = NO;
				ENABLE_STRICT_OBJC_MSGSEND = YES;
				GCC_C_LANGUAGE_STANDARD = gnu11;
				GCC_NO_COMMON_BLOCKS = YES;
				GCC_WARN_64_TO_32_BIT_CONVERSION = YES;
				GCC_WARN_ABOUT_RETURN_TYPE = YES_ERROR;
				GCC_WARN_UNDECLARED_SELECTOR = YES;
				GCC_WARN_UNINITIALIZED_AUTOS = YES_AGGRESSIVE;
				GCC_WARN_UNUSED_FUNCTION = YES;
				GCC_WARN_UNUSED_VARIABLE = YES;
				IPHONEOS_DEPLOYMENT_TARGET = 14.5;
				MTL_ENABLE_DEBUG_INFO = NO;
				MTL_FAST_MATH = YES;
				SDKROOT = iphoneos;
				SWIFT_COMPILATION_MODE = wholemodule;
				SWIFT_OPTIMIZATION_LEVEL = "-O";
				VALIDATE_PRODUCT = YES;
			};
			name = Release;
		};
		A79736F226FA6EF100E4D94C /* Debug */ = {
			isa = XCBuildConfiguration;
			buildSettings = {
				ASSETCATALOG_COMPILER_APPICON_NAME = AppIcon;
				ASSETCATALOG_COMPILER_GLOBAL_ACCENT_COLOR_NAME = AccentColor;
				CODE_SIGN_STYLE = Automatic;
				DEVELOPMENT_TEAM = ZVL2SV8VV7;
				INFOPLIST_FILE = iOS_Week_2/Info.plist;
				LD_RUNPATH_SEARCH_PATHS = (
					"$(inherited)",
					"@executable_path/Frameworks",
				);
				PRODUCT_BUNDLE_IDENTIFIER = "tukre.iOS-Week-2";
				PRODUCT_NAME = "$(TARGET_NAME)";
				SWIFT_VERSION = 5.0;
				TARGETED_DEVICE_FAMILY = "1,2";
			};
			name = Debug;
		};
		A79736F326FA6EF100E4D94C /* Release */ = {
			isa = XCBuildConfiguration;
			buildSettings = {
				ASSETCATALOG_COMPILER_APPICON_NAME = AppIcon;
				ASSETCATALOG_COMPILER_GLOBAL_ACCENT_COLOR_NAME = AccentColor;
				CODE_SIGN_STYLE = Automatic;
				DEVELOPMENT_TEAM = ZVL2SV8VV7;
				INFOPLIST_FILE = iOS_Week_2/Info.plist;
				LD_RUNPATH_SEARCH_PATHS = (
					"$(inherited)",
					"@executable_path/Frameworks",
				);
				PRODUCT_BUNDLE_IDENTIFIER = "tukre.iOS-Week-2";
				PRODUCT_NAME = "$(TARGET_NAME)";
				SWIFT_VERSION = 5.0;
				TARGETED_DEVICE_FAMILY = "1,2";
			};
			name = Release;
		};
		A79736F526FA6EF100E4D94C /* Debug */ = {
			isa = XCBuildConfiguration;
			buildSettings = {
				ALWAYS_EMBED_SWIFT_STANDARD_LIBRARIES = YES;
				BUNDLE_LOADER = "$(TEST_HOST)";
				CODE_SIGN_STYLE = Automatic;
				DEVELOPMENT_TEAM = ZVL2SV8VV7;
				INFOPLIST_FILE = iOS_Week_2Tests/Info.plist;
				IPHONEOS_DEPLOYMENT_TARGET = 14.5;
				LD_RUNPATH_SEARCH_PATHS = (
					"$(inherited)",
					"@executable_path/Frameworks",
					"@loader_path/Frameworks",
				);
				PRODUCT_BUNDLE_IDENTIFIER = "tukre.iOS-Week-2Tests";
				PRODUCT_NAME = "$(TARGET_NAME)";
				SWIFT_VERSION = 5.0;
				TARGETED_DEVICE_FAMILY = "1,2";
				TEST_HOST = "$(BUILT_PRODUCTS_DIR)/iOS_Week_2.app/iOS_Week_2";
			};
			name = Debug;
		};
		A79736F626FA6EF100E4D94C /* Release */ = {
			isa = XCBuildConfiguration;
			buildSettings = {
				ALWAYS_EMBED_SWIFT_STANDARD_LIBRARIES = YES;
				BUNDLE_LOADER = "$(TEST_HOST)";
				CODE_SIGN_STYLE = Automatic;
				DEVELOPMENT_TEAM = ZVL2SV8VV7;
				INFOPLIST_FILE = iOS_Week_2Tests/Info.plist;
				IPHONEOS_DEPLOYMENT_TARGET = 14.5;
				LD_RUNPATH_SEARCH_PATHS = (
					"$(inherited)",
					"@executable_path/Frameworks",
					"@loader_path/Frameworks",
				);
				PRODUCT_BUNDLE_IDENTIFIER = "tukre.iOS-Week-2Tests";
				PRODUCT_NAME = "$(TARGET_NAME)";
				SWIFT_VERSION = 5.0;
				TARGETED_DEVICE_FAMILY = "1,2";
				TEST_HOST = "$(BUILT_PRODUCTS_DIR)/iOS_Week_2.app/iOS_Week_2";
			};
			name = Release;
		};
		A79736F826FA6EF100E4D94C /* Debug */ = {
			isa = XCBuildConfiguration;
			buildSettings = {
				ALWAYS_EMBED_SWIFT_STANDARD_LIBRARIES = YES;
				CODE_SIGN_STYLE = Automatic;
				DEVELOPMENT_TEAM = ZVL2SV8VV7;
				INFOPLIST_FILE = iOS_Week_2UITests/Info.plist;
				LD_RUNPATH_SEARCH_PATHS = (
					"$(inherited)",
					"@executable_path/Frameworks",
					"@loader_path/Frameworks",
				);
				PRODUCT_BUNDLE_IDENTIFIER = "tukre.iOS-Week-2UITests";
				PRODUCT_NAME = "$(TARGET_NAME)";
				SWIFT_VERSION = 5.0;
				TARGETED_DEVICE_FAMILY = "1,2";
				TEST_TARGET_NAME = iOS_Week_2;
			};
			name = Debug;
		};
		A79736F926FA6EF100E4D94C /* Release */ = {
			isa = XCBuildConfiguration;
			buildSettings = {
				ALWAYS_EMBED_SWIFT_STANDARD_LIBRARIES = YES;
				CODE_SIGN_STYLE = Automatic;
				DEVELOPMENT_TEAM = ZVL2SV8VV7;
				INFOPLIST_FILE = iOS_Week_2UITests/Info.plist;
				LD_RUNPATH_SEARCH_PATHS = (
					"$(inherited)",
					"@executable_path/Frameworks",
					"@loader_path/Frameworks",
				);
				PRODUCT_BUNDLE_IDENTIFIER = "tukre.iOS-Week-2UITests";
				PRODUCT_NAME = "$(TARGET_NAME)";
				SWIFT_VERSION = 5.0;
				TARGETED_DEVICE_FAMILY = "1,2";
				TEST_TARGET_NAME = iOS_Week_2;
			};
			name = Release;
		};
/* End XCBuildConfiguration section */

/* Begin XCConfigurationList section */
		A79736C226FA6EF000E4D94C /* Build configuration list for PBXProject "iOS_Week_2" */ = {
			isa = XCConfigurationList;
			buildConfigurations = (
				A79736EF26FA6EF100E4D94C /* Debug */,
				A79736F026FA6EF100E4D94C /* Release */,
			);
			defaultConfigurationIsVisible = 0;
			defaultConfigurationName = Release;
		};
		A79736F126FA6EF100E4D94C /* Build configuration list for PBXNativeTarget "iOS_Week_2" */ = {
			isa = XCConfigurationList;
			buildConfigurations = (
				A79736F226FA6EF100E4D94C /* Debug */,
				A79736F326FA6EF100E4D94C /* Release */,
			);
			defaultConfigurationIsVisible = 0;
			defaultConfigurationName = Release;
		};
		A79736F426FA6EF100E4D94C /* Build configuration list for PBXNativeTarget "iOS_Week_2Tests" */ = {
			isa = XCConfigurationList;
			buildConfigurations = (
				A79736F526FA6EF100E4D94C /* Debug */,
				A79736F626FA6EF100E4D94C /* Release */,
			);
			defaultConfigurationIsVisible = 0;
			defaultConfigurationName = Release;
		};
		A79736F726FA6EF100E4D94C /* Build configuration list for PBXNativeTarget "iOS_Week_2UITests" */ = {
			isa = XCConfigurationList;
			buildConfigurations = (
				A79736F826FA6EF100E4D94C /* Debug */,
				A79736F926FA6EF100E4D94C /* Release */,
			);
			defaultConfigurationIsVisible = 0;
			defaultConfigurationName = Release;
		};
/* End XCConfigurationList section */
	};
	rootObject = A79736BF26FA6EF000E4D94C /* Project object */;
}
